
Microsoft Visual Studio Solution File, Format Version 12.00
# Visual Studio Version 16
VisualStudioVersion = 16.0.30804.86
MinimumVisualStudioVersion = 10.0.40219.1
Project("{9A19103F-16F7-4668-BE54-9A1E7A4F7556}") = "Entitites", "Entitites\Entitites.csproj", "{6C4A1A12-5C31-408D-ABB1-4BAC26E3A61B}"
EndProject
Project("{9A19103F-16F7-4668-BE54-9A1E7A4F7556}") = "Business", "Business\Business.csproj", "{AC570617-2CFA-412B-BCFC-FFE293E1F931}"
EndProject
Project("{9A19103F-16F7-4668-BE54-9A1E7A4F7556}") = "DataAccess", "DataAccess\DataAccess.csproj", "{DFD9F2F9-B974-41D7-890E-6403F728B16F}"
EndProject
Project("{9A19103F-16F7-4668-BE54-9A1E7A4F7556}") = "ConsoleUI", "ConsoleUI\ConsoleUI.csproj", "{B597A95D-9659-4091-B6D0-EED81B4189B6}"
EndProject
Project("{9A19103F-16F7-4668-BE54-9A1E7A4F7556}") = "Core", "..\MyFinalProject\Core\Core.csproj", "{4012BF92-6D7B-429C-A8B8-745A4C80EF8A}"
EndProject
Project("{FAE04EC0-301F-11D3-BF4B-00C04F79EFBC}") = "WebApi", "WebApi\WebApi.csproj", "{A42FEF1B-8A09-49A4-8098-417E1C73BFF1}"
EndProject
Global
	GlobalSection(SolutionConfigurationPlatforms) = preSolution
		Debug|Any CPU = Debug|Any CPU
		Release|Any CPU = Release|Any CPU
	EndGlobalSection
	GlobalSection(ProjectConfigurationPlatforms) = postSolution
		{6C4A1A12-5C31-408D-ABB1-4BAC26E3A61B}.Debug|Any CPU.ActiveCfg = Debug|Any CPU
		{6C4A1A12-5C31-408D-ABB1-4BAC26E3A61B}.Debug|Any CPU.Build.0 = Debug|Any CPU
		{6C4A1A12-5C31-408D-ABB1-4BAC26E3A61B}.Release|Any CPU.ActiveCfg = Release|Any CPU
		{6C4A1A12-5C31-408D-ABB1-4BAC26E3A61B}.Release|Any CPU.Build.0 = Release|Any CPU
		{AC570617-2CFA-412B-BCFC-FFE293E1F931}.Debug|Any CPU.ActiveCfg = Debug|Any CPU
		{AC570617-2CFA-412B-BCFC-FFE293E1F931}.Debug|Any CPU.Build.0 = Debug|Any CPU
		{AC570617-2CFA-412B-BCFC-FFE293E1F931}.Release|Any CPU.ActiveCfg = Release|Any CPU
		{AC570617-2CFA-412B-BCFC-FFE293E1F931}.Release|Any CPU.Build.0 = Release|Any CPU
		{DFD9F2F9-B974-41D7-890E-6403F728B16F}.Debug|Any CPU.ActiveCfg = Debug|Any CPU
		{DFD9F2F9-B974-41D7-890E-6403F728B16F}.Debug|Any CPU.Build.0 = Debug|Any CPU
		{DFD9F2F9-B974-41D7-890E-6403F728B16F}.Release|Any CPU.ActiveCfg = Release|Any CPU
		{DFD9F2F9-B974-41D7-890E-6403F728B16F}.Release|Any CPU.Build.0 = Release|Any CPU
		{B597A95D-9659-4091-B6D0-EED81B4189B6}.Debug|Any CPU.ActiveCfg = Debug|Any CPU
		{B597A95D-9659-4091-B6D0-EED81B4189B6}.Debug|Any CPU.Build.0 = Debug|Any CPU
		{B597A95D-9659-4091-B6D0-EED81B4189B6}.Release|Any CPU.ActiveCfg = Release|Any CPU
		{B597A95D-9659-4091-B6D0-EED81B4189B6}.Release|Any CPU.Build.0 = Release|Any CPU
		{4012BF92-6D7B-429C-A8B8-745A4C80EF8A}.Debug|Any CPU.ActiveCfg = Debug|Any CPU
		{4012BF92-6D7B-429C-A8B8-745A4C80EF8A}.Debug|Any CPU.Build.0 = Debug|Any CPU
		{4012BF92-6D7B-429C-A8B8-745A4C80EF8A}.Release|Any CPU.ActiveCfg = Release|Any CPU
		{4012BF92-6D7B-429C-A8B8-745A4C80EF8A}.Release|Any CPU.Build.0 = Release|Any CPU
		{A42FEF1B-8A09-49A4-8098-417E1C73BFF1}.Debug|Any CPU.ActiveCfg = Debug|Any CPU
		{A42FEF1B-8A09-49A4-8098-417E1C73BFF1}.Debug|Any CPU.Build.0 = Debug|Any CPU
		{A42FEF1B-8A09-49A4-8098-417E1C73BFF1}.Release|Any CPU.ActiveCfg = Release|Any CPU
		{A42FEF1B-8A09-49A4-8098-417E1C73BFF1}.Release|Any CPU.Build.0 = Release|Any CPU
	EndGlobalSection
	GlobalSection(SolutionProperties) = preSolution
		HideSolutionNode = FALSE
	EndGlobalSection
	GlobalSection(ExtensibilityGlobals) = postSolution
		SolutionGuid = {CCF59162-02AB-4FC0-A8AD-41FB3288D026}
	EndGlobalSection
EndGlobal
